
Microsoft Visual Studio Solution File, Format Version 12.00
# Visual Studio 14
VisualStudioVersion = 14.0.25420.1
MinimumVisualStudioVersion = 10.0.40219.1
Project("{FAE04EC0-301F-11D3-BF4B-00C04F79EFBC}") = "IOTLightedTreeApp", "IOTLightedTreeApp\IOTLightedTreeApp\IOTLightedTreeApp.csproj", "{2CE6736D-6C83-4116-950D-5736B761B81B}"
EndProject
Project("{FAE04EC0-301F-11D3-BF4B-00C04F79EFBC}") = "IOTLightedTreeApp.Droid", "IOTLightedTreeApp\IOTLightedTreeApp.Droid\IOTLightedTreeApp.Droid.csproj", "{ADECC286-915C-4A8C-8196-6A8230B51742}"
EndProject
Project("{FAE04EC0-301F-11D3-BF4B-00C04F79EFBC}") = "IOTLightedTreeApp.iOS", "IOTLightedTreeApp\IOTLightedTreeApp.iOS\IOTLightedTreeApp.iOS.csproj", "{F5A0D57B-E11E-4669-B99A-D5EBEB6AEE53}"
EndProject
Project("{FAE04EC0-301F-11D3-BF4B-00C04F79EFBC}") = "IOTLightedTreeApp.WinPhone", "IOTLightedTreeApp\IOTLightedTreeApp.WinPhone\IOTLightedTreeApp.WinPhone.csproj", "{346C6C54-AF3B-4CA5-97EE-15BB1D73FA50}"
EndProject
Project("{FAE04EC0-301F-11D3-BF4B-00C04F79EFBC}") = "IOTLightedTreeApp.UWP", "IOTLightedTreeApp\IOTLightedTreeApp.UWP\IOTLightedTreeApp.UWP.csproj", "{B951ED25-432D-4E93-ADC2-887BC2B90768}"
EndProject
Project("{FAE04EC0-301F-11D3-BF4B-00C04F79EFBC}") = "IOTLightedTreeApp.Windows", "IOTLightedTreeApp\IOTLightedTreeApp.Windows\IOTLightedTreeApp.Windows.csproj", "{EF421E33-B61B-430E-A057-3983C42FFDF1}"
EndProject
Global
	GlobalSection(SolutionConfigurationPlatforms) = preSolution
		Ad-Hoc|Any CPU = Ad-Hoc|Any CPU
		Ad-Hoc|ARM = Ad-Hoc|ARM
		Ad-Hoc|iPhone = Ad-Hoc|iPhone
		Ad-Hoc|iPhoneSimulator = Ad-Hoc|iPhoneSimulator
		Ad-Hoc|x64 = Ad-Hoc|x64
		Ad-Hoc|x86 = Ad-Hoc|x86
		AppStore|Any CPU = AppStore|Any CPU
		AppStore|ARM = AppStore|ARM
		AppStore|iPhone = AppStore|iPhone
		AppStore|iPhoneSimulator = AppStore|iPhoneSimulator
		AppStore|x64 = AppStore|x64
		AppStore|x86 = AppStore|x86
		Debug|Any CPU = Debug|Any CPU
		Debug|ARM = Debug|ARM
		Debug|iPhone = Debug|iPhone
		Debug|iPhoneSimulator = Debug|iPhoneSimulator
		Debug|x64 = Debug|x64
		Debug|x86 = Debug|x86
		Release|Any CPU = Release|Any CPU
		Release|ARM = Release|ARM
		Release|iPhone = Release|iPhone
		Release|iPhoneSimulator = Release|iPhoneSimulator
		Release|x64 = Release|x64
		Release|x86 = Release|x86
	EndGlobalSection
	GlobalSection(ProjectConfigurationPlatforms) = postSolution
		{2CE6736D-6C83-4116-950D-5736B761B81B}.Ad-Hoc|Any CPU.ActiveCfg = Release|Any CPU
		{2CE6736D-6C83-4116-950D-5736B761B81B}.Ad-Hoc|Any CPU.Build.0 = Release|Any CPU
		{2CE6736D-6C83-4116-950D-5736B761B81B}.Ad-Hoc|ARM.ActiveCfg = Release|Any CPU
		{2CE6736D-6C83-4116-950D-5736B761B81B}.Ad-Hoc|ARM.Build.0 = Release|Any CPU
		{2CE6736D-6C83-4116-950D-5736B761B81B}.Ad-Hoc|iPhone.ActiveCfg = Release|Any CPU
		{2CE6736D-6C83-4116-950D-5736B761B81B}.Ad-Hoc|iPhone.Build.0 = Release|Any CPU
		{2CE6736D-6C83-4116-950D-5736B761B81B}.Ad-Hoc|iPhoneSimulator.ActiveCfg = Release|Any CPU
		{2CE6736D-6C83-4116-950D-5736B761B81B}.Ad-Hoc|iPhoneSimulator.Build.0 = Release|Any CPU
		{2CE6736D-6C83-4116-950D-5736B761B81B}.Ad-Hoc|x64.ActiveCfg = Release|Any CPU
		{2CE6736D-6C83-4116-950D-5736B761B81B}.Ad-Hoc|x64.Build.0 = Release|Any CPU
		{2CE6736D-6C83-4116-950D-5736B761B81B}.Ad-Hoc|x86.ActiveCfg = Release|Any CPU
		{2CE6736D-6C83-4116-950D-5736B761B81B}.Ad-Hoc|x86.Build.0 = Release|Any CPU
		{2CE6736D-6C83-4116-950D-5736B761B81B}.AppStore|Any CPU.ActiveCfg = Release|Any CPU
		{2CE6736D-6C83-4116-950D-5736B761B81B}.AppStore|Any CPU.Build.0 = Release|Any CPU
		{2CE6736D-6C83-4116-950D-5736B761B81B}.AppStore|ARM.ActiveCfg = Release|Any CPU
		{2CE6736D-6C83-4116-950D-5736B761B81B}.AppStore|ARM.Build.0 = Release|Any CPU
		{2CE6736D-6C83-4116-950D-5736B761B81B}.AppStore|iPhone.ActiveCfg = Release|Any CPU
		{2CE6736D-6C83-4116-950D-5736B761B81B}.AppStore|iPhone.Build.0 = Release|Any CPU
		{2CE6736D-6C83-4116-950D-5736B761B81B}.AppStore|iPhoneSimulator.ActiveCfg = Release|Any CPU
		{2CE6736D-6C83-4116-950D-5736B761B81B}.AppStore|iPhoneSimulator.Build.0 = Release|Any CPU
		{2CE6736D-6C83-4116-950D-5736B761B81B}.AppStore|x64.ActiveCfg = Release|Any CPU
		{2CE6736D-6C83-4116-950D-5736B761B81B}.AppStore|x64.Build.0 = Release|Any CPU
		{2CE6736D-6C83-4116-950D-5736B761B81B}.AppStore|x86.ActiveCfg = Release|Any CPU
		{2CE6736D-6C83-4116-950D-5736B761B81B}.AppStore|x86.Build.0 = Release|Any CPU
		{2CE6736D-6C83-4116-950D-5736B761B81B}.Debug|Any CPU.ActiveCfg = Debug|Any CPU
		{2CE6736D-6C83-4116-950D-5736B761B81B}.Debug|Any CPU.Build.0 = Debug|Any CPU
		{2CE6736D-6C83-4116-950D-5736B761B81B}.Debug|ARM.ActiveCfg = Debug|Any CPU
		{2CE6736D-6C83-4116-950D-5736B761B81B}.Debug|ARM.Build.0 = Debug|Any CPU
		{2CE6736D-6C83-4116-950D-5736B761B81B}.Debug|iPhone.ActiveCfg = Debug|Any CPU
		{2CE6736D-6C83-4116-950D-5736B761B81B}.Debug|iPhone.Build.0 = Debug|Any CPU
		{2CE6736D-6C83-4116-950D-5736B761B81B}.Debug|iPhoneSimulator.ActiveCfg = Debug|Any CPU
		{2CE6736D-6C83-4116-950D-5736B761B81B}.Debug|iPhoneSimulator.Build.0 = Debug|Any CPU
		{2CE6736D-6C83-4116-950D-5736B761B81B}.Debug|x64.ActiveCfg = Debug|Any CPU
		{2CE6736D-6C83-4116-950D-5736B761B81B}.Debug|x64.Build.0 = Debug|Any CPU
		{2CE6736D-6C83-4116-950D-5736B761B81B}.Debug|x86.ActiveCfg = Debug|Any CPU
		{2CE6736D-6C83-4116-950D-5736B761B81B}.Debug|x86.Build.0 = Debug|Any CPU
		{2CE6736D-6C83-4116-950D-5736B761B81B}.Release|Any CPU.ActiveCfg = Release|Any CPU
		{2CE6736D-6C83-4116-950D-5736B761B81B}.Release|Any CPU.Build.0 = Release|Any CPU
		{2CE6736D-6C83-4116-950D-5736B761B81B}.Release|ARM.ActiveCfg = Release|Any CPU
		{2CE6736D-6C83-4116-950D-5736B761B81B}.Release|ARM.Build.0 = Release|Any CPU
		{2CE6736D-6C83-4116-950D-5736B761B81B}.Release|iPhone.ActiveCfg = Release|Any CPU
		{2CE6736D-6C83-4116-950D-5736B761B81B}.Release|iPhone.Build.0 = Release|Any CPU
		{2CE6736D-6C83-4116-950D-5736B761B81B}.Release|iPhoneSimulator.ActiveCfg = Release|Any CPU
		{2CE6736D-6C83-4116-950D-5736B761B81B}.Release|iPhoneSimulator.Build.0 = Release|Any CPU
		{2CE6736D-6C83-4116-950D-5736B761B81B}.Release|x64.ActiveCfg = Release|Any CPU
		{2CE6736D-6C83-4116-950D-5736B761B81B}.Release|x64.Build.0 = Release|Any CPU
		{2CE6736D-6C83-4116-950D-5736B761B81B}.Release|x86.ActiveCfg = Release|Any CPU
		{2CE6736D-6C83-4116-950D-5736B761B81B}.Release|x86.Build.0 = Release|Any CPU
		{ADECC286-915C-4A8C-8196-6A8230B51742}.Ad-Hoc|Any CPU.ActiveCfg = Release|Any CPU
		{ADECC286-915C-4A8C-8196-6A8230B51742}.Ad-Hoc|Any CPU.Build.0 = Release|Any CPU
		{ADECC286-915C-4A8C-8196-6A8230B51742}.Ad-Hoc|Any CPU.Deploy.0 = Release|Any CPU
		{ADECC286-915C-4A8C-8196-6A8230B51742}.Ad-Hoc|ARM.ActiveCfg = Release|Any CPU
		{ADECC286-915C-4A8C-8196-6A8230B51742}.Ad-Hoc|ARM.Build.0 = Release|Any CPU
		{ADECC286-915C-4A8C-8196-6A8230B51742}.Ad-Hoc|ARM.Deploy.0 = Release|Any CPU
		{ADECC286-915C-4A8C-8196-6A8230B51742}.Ad-Hoc|iPhone.ActiveCfg = Release|Any CPU
		{ADECC286-915C-4A8C-8196-6A8230B51742}.Ad-Hoc|iPhone.Build.0 = Release|Any CPU
		{ADECC286-915C-4A8C-8196-6A8230B51742}.Ad-Hoc|iPhone.Deploy.0 = Release|Any CPU
		{ADECC286-915C-4A8C-8196-6A8230B51742}.Ad-Hoc|iPhoneSimulator.ActiveCfg = Release|Any CPU
		{ADECC286-915C-4A8C-8196-6A8230B51742}.Ad-Hoc|iPhoneSimulator.Build.0 = Release|Any CPU
		{ADECC286-915C-4A8C-8196-6A8230B51742}.Ad-Hoc|iPhoneSimulator.Deploy.0 = Release|Any CPU
		{ADECC286-915C-4A8C-8196-6A8230B51742}.Ad-Hoc|x64.ActiveCfg = Release|Any CPU
		{ADECC286-915C-4A8C-8196-6A8230B51742}.Ad-Hoc|x64.Build.0 = Release|Any CPU
		{ADECC286-915C-4A8C-8196-6A8230B51742}.Ad-Hoc|x64.Deploy.0 = Release|Any CPU
		{ADECC286-915C-4A8C-8196-6A8230B51742}.Ad-Hoc|x86.ActiveCfg = Release|Any CPU
		{ADECC286-915C-4A8C-8196-6A8230B51742}.Ad-Hoc|x86.Build.0 = Release|Any CPU
		{ADECC286-915C-4A8C-8196-6A8230B51742}.Ad-Hoc|x86.Deploy.0 = Release|Any CPU
		{ADECC286-915C-4A8C-8196-6A8230B51742}.AppStore|Any CPU.ActiveCfg = Release|Any CPU
		{ADECC286-915C-4A8C-8196-6A8230B51742}.AppStore|Any CPU.Build.0 = Release|Any CPU
		{ADECC286-915C-4A8C-8196-6A8230B51742}.AppStore|Any CPU.Deploy.0 = Release|Any CPU
		{ADECC286-915C-4A8C-8196-6A8230B51742}.AppStore|ARM.ActiveCfg = Release|Any CPU
		{ADECC286-915C-4A8C-8196-6A8230B51742}.AppStore|ARM.Build.0 = Release|Any CPU
		{ADECC286-915C-4A8C-8196-6A8230B51742}.AppStore|ARM.Deploy.0 = Release|Any CPU
		{ADECC286-915C-4A8C-8196-6A8230B51742}.AppStore|iPhone.ActiveCfg = Release|Any CPU
		{ADECC286-915C-4A8C-8196-6A8230B51742}.AppStore|iPhone.Build.0 = Release|Any CPU
		{ADECC286-915C-4A8C-8196-6A8230B51742}.AppStore|iPhone.Deploy.0 = Release|Any CPU
		{ADECC286-915C-4A8C-8196-6A8230B51742}.AppStore|iPhoneSimulator.ActiveCfg = Release|Any CPU
		{ADECC286-915C-4A8C-8196-6A8230B51742}.AppStore|iPhoneSimulator.Build.0 = Release|Any CPU
		{ADECC286-915C-4A8C-8196-6A8230B51742}.AppStore|iPhoneSimulator.Deploy.0 = Release|Any CPU
		{ADECC286-915C-4A8C-8196-6A8230B51742}.AppStore|x64.ActiveCfg = Release|Any CPU
		{ADECC286-915C-4A8C-8196-6A8230B51742}.AppStore|x64.Build.0 = Release|Any CPU
		{ADECC286-915C-4A8C-8196-6A8230B51742}.AppStore|x64.Deploy.0 = Release|Any CPU
		{ADECC286-915C-4A8C-8196-6A8230B51742}.AppStore|x86.ActiveCfg = Release|Any CPU
		{ADECC286-915C-4A8C-8196-6A8230B51742}.AppStore|x86.Build.0 = Release|Any CPU
		{ADECC286-915C-4A8C-8196-6A8230B51742}.AppStore|x86.Deploy.0 = Release|Any CPU
		{ADECC286-915C-4A8C-8196-6A8230B51742}.Debug|Any CPU.ActiveCfg = Debug|Any CPU
		{ADECC286-915C-4A8C-8196-6A8230B51742}.Debug|Any CPU.Build.0 = Debug|Any CPU
		{ADECC286-915C-4A8C-8196-6A8230B51742}.Debug|Any CPU.Deploy.0 = Debug|Any CPU
		{ADECC286-915C-4A8C-8196-6A8230B51742}.Debug|ARM.ActiveCfg = Debug|Any CPU
		{ADECC286-915C-4A8C-8196-6A8230B51742}.Debug|ARM.Build.0 = Debug|Any CPU
		{ADECC286-915C-4A8C-8196-6A8230B51742}.Debug|ARM.Deploy.0 = Debug|Any CPU
		{ADECC286-915C-4A8C-8196-6A8230B51742}.Debug|iPhone.ActiveCfg = Debug|Any CPU
		{ADECC286-915C-4A8C-8196-6A8230B51742}.Debug|iPhone.Build.0 = Debug|Any CPU
		{ADECC286-915C-4A8C-8196-6A8230B51742}.Debug|iPhone.Deploy.0 = Debug|Any CPU
		{ADECC286-915C-4A8C-8196-6A8230B51742}.Debug|iPhoneSimulator.ActiveCfg = Debug|Any CPU
		{ADECC286-915C-4A8C-8196-6A8230B51742}.Debug|iPhoneSimulator.Build.0 = Debug|Any CPU
		{ADECC286-915C-4A8C-8196-6A8230B51742}.Debug|iPhoneSimulator.Deploy.0 = Debug|Any CPU
		{ADECC286-915C-4A8C-8196-6A8230B51742}.Debug|x64.ActiveCfg = Debug|Any CPU
		{ADECC286-915C-4A8C-8196-6A8230B51742}.Debug|x64.Build.0 = Debug|Any CPU
		{ADECC286-915C-4A8C-8196-6A8230B51742}.Debug|x64.Deploy.0 = Debug|Any CPU
		{ADECC286-915C-4A8C-8196-6A8230B51742}.Debug|x86.ActiveCfg = Debug|Any CPU
		{ADECC286-915C-4A8C-8196-6A8230B51742}.Debug|x86.Build.0 = Debug|Any CPU
		{ADECC286-915C-4A8C-8196-6A8230B51742}.Debug|x86.Deploy.0 = Debug|Any CPU
		{ADECC286-915C-4A8C-8196-6A8230B51742}.Release|Any CPU.ActiveCfg = Release|Any CPU
		{ADECC286-915C-4A8C-8196-6A8230B51742}.Release|Any CPU.Build.0 = Release|Any CPU
		{ADECC286-915C-4A8C-8196-6A8230B51742}.Release|Any CPU.Deploy.0 = Release|Any CPU
		{ADECC286-915C-4A8C-8196-6A8230B51742}.Release|ARM.ActiveCfg = Release|Any CPU
		{ADECC286-915C-4A8C-8196-6A8230B51742}.Release|ARM.Build.0 = Release|Any CPU
		{ADECC286-915C-4A8C-8196-6A8230B51742}.Release|ARM.Deploy.0 = Release|Any CPU
		{ADECC286-915C-4A8C-8196-6A8230B51742}.Release|iPhone.ActiveCfg = Release|Any CPU
		{ADECC286-915C-4A8C-8196-6A8230B51742}.Release|iPhone.Build.0 = Release|Any CPU
		{ADECC286-915C-4A8C-8196-6A8230B51742}.Release|iPhone.Deploy.0 = Release|Any CPU
		{ADECC286-915C-4A8C-8196-6A8230B51742}.Release|iPhoneSimulator.ActiveCfg = Release|Any CPU
		{ADECC286-915C-4A8C-8196-6A8230B51742}.Release|iPhoneSimulator.Build.0 = Release|Any CPU
		{ADECC286-915C-4A8C-8196-6A8230B51742}.Release|iPhoneSimulator.Deploy.0 = Release|Any CPU
		{ADECC286-915C-4A8C-8196-6A8230B51742}.Release|x64.ActiveCfg = Release|Any CPU
		{ADECC286-915C-4A8C-8196-6A8230B51742}.Release|x64.Build.0 = Release|Any CPU
		{ADECC286-915C-4A8C-8196-6A8230B51742}.Release|x64.Deploy.0 = Release|Any CPU
		{ADECC286-915C-4A8C-8196-6A8230B51742}.Release|x86.ActiveCfg = Release|Any CPU
		{ADECC286-915C-4A8C-8196-6A8230B51742}.Release|x86.Build.0 = Release|Any CPU
		{ADECC286-915C-4A8C-8196-6A8230B51742}.Release|x86.Deploy.0 = Release|Any CPU
		{F5A0D57B-E11E-4669-B99A-D5EBEB6AEE53}.Ad-Hoc|Any CPU.ActiveCfg = Ad-Hoc|iPhone
		{F5A0D57B-E11E-4669-B99A-D5EBEB6AEE53}.Ad-Hoc|ARM.ActiveCfg = Ad-Hoc|iPhone
		{F5A0D57B-E11E-4669-B99A-D5EBEB6AEE53}.Ad-Hoc|iPhone.ActiveCfg = Ad-Hoc|iPhone
		{F5A0D57B-E11E-4669-B99A-D5EBEB6AEE53}.Ad-Hoc|iPhone.Build.0 = Ad-Hoc|iPhone
		{F5A0D57B-E11E-4669-B99A-D5EBEB6AEE53}.Ad-Hoc|iPhoneSimulator.ActiveCfg = Ad-Hoc|iPhoneSimulator
		{F5A0D57B-E11E-4669-B99A-D5EBEB6AEE53}.Ad-Hoc|iPhoneSimulator.Build.0 = Ad-Hoc|iPhoneSimulator
		{F5A0D57B-E11E-4669-B99A-D5EBEB6AEE53}.Ad-Hoc|x64.ActiveCfg = Ad-Hoc|iPhone
		{F5A0D57B-E11E-4669-B99A-D5EBEB6AEE53}.Ad-Hoc|x86.ActiveCfg = Ad-Hoc|iPhone
		{F5A0D57B-E11E-4669-B99A-D5EBEB6AEE53}.AppStore|Any CPU.ActiveCfg = AppStore|iPhone
		{F5A0D57B-E11E-4669-B99A-D5EBEB6AEE53}.AppStore|ARM.ActiveCfg = AppStore|iPhone
		{F5A0D57B-E11E-4669-B99A-D5EBEB6AEE53}.AppStore|iPhone.ActiveCfg = AppStore|iPhone
		{F5A0D57B-E11E-4669-B99A-D5EBEB6AEE53}.AppStore|iPhone.Build.0 = AppStore|iPhone
		{F5A0D57B-E11E-4669-B99A-D5EBEB6AEE53}.AppStore|iPhoneSimulator.ActiveCfg = AppStore|iPhoneSimulator
		{F5A0D57B-E11E-4669-B99A-D5EBEB6AEE53}.AppStore|iPhoneSimulator.Build.0 = AppStore|iPhoneSimulator
		{F5A0D57B-E11E-4669-B99A-D5EBEB6AEE53}.AppStore|x64.ActiveCfg = AppStore|iPhone
		{F5A0D57B-E11E-4669-B99A-D5EBEB6AEE53}.AppStore|x86.ActiveCfg = AppStore|iPhone
		{F5A0D57B-E11E-4669-B99A-D5EBEB6AEE53}.Debug|Any CPU.ActiveCfg = Debug|iPhone
		{F5A0D57B-E11E-4669-B99A-D5EBEB6AEE53}.Debug|ARM.ActiveCfg = Debug|iPhone
		{F5A0D57B-E11E-4669-B99A-D5EBEB6AEE53}.Debug|iPhone.ActiveCfg = Debug|iPhone
		{F5A0D57B-E11E-4669-B99A-D5EBEB6AEE53}.Debug|iPhone.Build.0 = Debug|iPhone
		{F5A0D57B-E11E-4669-B99A-D5EBEB6AEE53}.Debug|iPhoneSimulator.ActiveCfg = Debug|iPhoneSimulator
		{F5A0D57B-E11E-4669-B99A-D5EBEB6AEE53}.Debug|iPhoneSimulator.Build.0 = Debug|iPhoneSimulator
		{F5A0D57B-E11E-4669-B99A-D5EBEB6AEE53}.Debug|x64.ActiveCfg = Debug|iPhone
		{F5A0D57B-E11E-4669-B99A-D5EBEB6AEE53}.Debug|x86.ActiveCfg = Debug|iPhone
		{F5A0D57B-E11E-4669-B99A-D5EBEB6AEE53}.Release|Any CPU.ActiveCfg = Release|iPhone
		{F5A0D57B-E11E-4669-B99A-D5EBEB6AEE53}.Release|ARM.ActiveCfg = Release|iPhone
		{F5A0D57B-E11E-4669-B99A-D5EBEB6AEE53}.Release|iPhone.ActiveCfg = Release|iPhone
		{F5A0D57B-E11E-4669-B99A-D5EBEB6AEE53}.Release|iPhone.Build.0 = Release|iPhone
		{F5A0D57B-E11E-4669-B99A-D5EBEB6AEE53}.Release|iPhoneSimulator.ActiveCfg = Release|iPhoneSimulator
		{F5A0D57B-E11E-4669-B99A-D5EBEB6AEE53}.Release|iPhoneSimulator.Build.0 = Release|iPhoneSimulator
		{F5A0D57B-E11E-4669-B99A-D5EBEB6AEE53}.Release|x64.ActiveCfg = Release|iPhone
		{F5A0D57B-E11E-4669-B99A-D5EBEB6AEE53}.Release|x86.ActiveCfg = Release|iPhone
		{346C6C54-AF3B-4CA5-97EE-15BB1D73FA50}.Ad-Hoc|Any CPU.ActiveCfg = Release|Any CPU
		{346C6C54-AF3B-4CA5-97EE-15BB1D73FA50}.Ad-Hoc|Any CPU.Build.0 = Release|Any CPU
		{346C6C54-AF3B-4CA5-97EE-15BB1D73FA50}.Ad-Hoc|Any CPU.Deploy.0 = Release|Any CPU
		{346C6C54-AF3B-4CA5-97EE-15BB1D73FA50}.Ad-Hoc|ARM.ActiveCfg = Release|ARM
		{346C6C54-AF3B-4CA5-97EE-15BB1D73FA50}.Ad-Hoc|ARM.Build.0 = Release|ARM
		{346C6C54-AF3B-4CA5-97EE-15BB1D73FA50}.Ad-Hoc|ARM.Deploy.0 = Release|ARM
		{346C6C54-AF3B-4CA5-97EE-15BB1D73FA50}.Ad-Hoc|iPhone.ActiveCfg = Release|Any CPU
		{346C6C54-AF3B-4CA5-97EE-15BB1D73FA50}.Ad-Hoc|iPhone.Build.0 = Release|Any CPU
		{346C6C54-AF3B-4CA5-97EE-15BB1D73FA50}.Ad-Hoc|iPhone.Deploy.0 = Release|Any CPU
		{346C6C54-AF3B-4CA5-97EE-15BB1D73FA50}.Ad-Hoc|iPhoneSimulator.ActiveCfg = Release|Any CPU
		{346C6C54-AF3B-4CA5-97EE-15BB1D73FA50}.Ad-Hoc|iPhoneSimulator.Build.0 = Release|Any CPU
		{346C6C54-AF3B-4CA5-97EE-15BB1D73FA50}.Ad-Hoc|iPhoneSimulator.Deploy.0 = Release|Any CPU
		{346C6C54-AF3B-4CA5-97EE-15BB1D73FA50}.Ad-Hoc|x64.ActiveCfg = Release|Any CPU
		{346C6C54-AF3B-4CA5-97EE-15BB1D73FA50}.Ad-Hoc|x64.Build.0 = Release|Any CPU
		{346C6C54-AF3B-4CA5-97EE-15BB1D73FA50}.Ad-Hoc|x64.Deploy.0 = Release|Any CPU
		{346C6C54-AF3B-4CA5-97EE-15BB1D73FA50}.Ad-Hoc|x86.ActiveCfg = Release|x86
		{346C6C54-AF3B-4CA5-97EE-15BB1D73FA50}.Ad-Hoc|x86.Build.0 = Release|x86
		{346C6C54-AF3B-4CA5-97EE-15BB1D73FA50}.Ad-Hoc|x86.Deploy.0 = Release|x86
		{346C6C54-AF3B-4CA5-97EE-15BB1D73FA50}.AppStore|Any CPU.ActiveCfg = Release|Any CPU
		{346C6C54-AF3B-4CA5-97EE-15BB1D73FA50}.AppStore|Any CPU.Build.0 = Release|Any CPU
		{346C6C54-AF3B-4CA5-97EE-15BB1D73FA50}.AppStore|Any CPU.Deploy.0 = Release|Any CPU
		{346C6C54-AF3B-4CA5-97EE-15BB1D73FA50}.AppStore|ARM.ActiveCfg = Release|ARM
		{346C6C54-AF3B-4CA5-97EE-15BB1D73FA50}.AppStore|ARM.Build.0 = Release|ARM
		{346C6C54-AF3B-4CA5-97EE-15BB1D73FA50}.AppStore|ARM.Deploy.0 = Release|ARM
		{346C6C54-AF3B-4CA5-97EE-15BB1D73FA50}.AppStore|iPhone.ActiveCfg = Release|Any CPU
		{346C6C54-AF3B-4CA5-97EE-15BB1D73FA50}.AppStore|iPhone.Build.0 = Release|Any CPU
		{346C6C54-AF3B-4CA5-97EE-15BB1D73FA50}.AppStore|iPhone.Deploy.0 = Release|Any CPU
		{346C6C54-AF3B-4CA5-97EE-15BB1D73FA50}.AppStore|iPhoneSimulator.ActiveCfg = Release|Any CPU
		{346C6C54-AF3B-4CA5-97EE-15BB1D73FA50}.AppStore|iPhoneSimulator.Build.0 = Release|Any CPU
		{346C6C54-AF3B-4CA5-97EE-15BB1D73FA50}.AppStore|iPhoneSimulator.Deploy.0 = Release|Any CPU
		{346C6C54-AF3B-4CA5-97EE-15BB1D73FA50}.AppStore|x64.ActiveCfg = Release|Any CPU
		{346C6C54-AF3B-4CA5-97EE-15BB1D73FA50}.AppStore|x64.Build.0 = Release|Any CPU
		{346C6C54-AF3B-4CA5-97EE-15BB1D73FA50}.AppStore|x64.Deploy.0 = Release|Any CPU
		{346C6C54-AF3B-4CA5-97EE-15BB1D73FA50}.AppStore|x86.ActiveCfg = Release|x86
		{346C6C54-AF3B-4CA5-97EE-15BB1D73FA50}.AppStore|x86.Build.0 = Release|x86
		{346C6C54-AF3B-4CA5-97EE-15BB1D73FA50}.AppStore|x86.Deploy.0 = Release|x86
		{346C6C54-AF3B-4CA5-97EE-15BB1D73FA50}.Debug|Any CPU.ActiveCfg = Debug|Any CPU
		{346C6C54-AF3B-4CA5-97EE-15BB1D73FA50}.Debug|Any CPU.Build.0 = Debug|Any CPU
		{346C6C54-AF3B-4CA5-97EE-15BB1D73FA50}.Debug|Any CPU.Deploy.0 = Debug|Any CPU
		{346C6C54-AF3B-4CA5-97EE-15BB1D73FA50}.Debug|ARM.ActiveCfg = Debug|ARM
		{346C6C54-AF3B-4CA5-97EE-15BB1D73FA50}.Debug|ARM.Build.0 = Debug|ARM
		{346C6C54-AF3B-4CA5-97EE-15BB1D73FA50}.Debug|ARM.Deploy.0 = Debug|ARM
		{346C6C54-AF3B-4CA5-97EE-15BB1D73FA50}.Debug|iPhone.ActiveCfg = Debug|Any CPU
		{346C6C54-AF3B-4CA5-97EE-15BB1D73FA50}.Debug|iPhone.Build.0 = Debug|Any CPU
		{346C6C54-AF3B-4CA5-97EE-15BB1D73FA50}.Debug|iPhone.Deploy.0 = Debug|Any CPU
		{346C6C54-AF3B-4CA5-97EE-15BB1D73FA50}.Debug|iPhoneSimulator.ActiveCfg = Debug|Any CPU
		{346C6C54-AF3B-4CA5-97EE-15BB1D73FA50}.Debug|iPhoneSimulator.Build.0 = Debug|Any CPU
		{346C6C54-AF3B-4CA5-97EE-15BB1D73FA50}.Debug|iPhoneSimulator.Deploy.0 = Debug|Any CPU
		{346C6C54-AF3B-4CA5-97EE-15BB1D73FA50}.Debug|x64.ActiveCfg = Debug|Any CPU
		{346C6C54-AF3B-4CA5-97EE-15BB1D73FA50}.Debug|x64.Build.0 = Debug|Any CPU
		{346C6C54-AF3B-4CA5-97EE-15BB1D73FA50}.Debug|x64.Deploy.0 = Debug|Any CPU
		{346C6C54-AF3B-4CA5-97EE-15BB1D73FA50}.Debug|x86.ActiveCfg = Debug|x86
		{346C6C54-AF3B-4CA5-97EE-15BB1D73FA50}.Debug|x86.Build.0 = Debug|x86
		{346C6C54-AF3B-4CA5-97EE-15BB1D73FA50}.Debug|x86.Deploy.0 = Debug|x86
		{346C6C54-AF3B-4CA5-97EE-15BB1D73FA50}.Release|Any CPU.ActiveCfg = Release|Any CPU
		{346C6C54-AF3B-4CA5-97EE-15BB1D73FA50}.Release|Any CPU.Build.0 = Release|Any CPU
		{346C6C54-AF3B-4CA5-97EE-15BB1D73FA50}.Release|Any CPU.Deploy.0 = Release|Any CPU
		{346C6C54-AF3B-4CA5-97EE-15BB1D73FA50}.Release|ARM.ActiveCfg = Release|ARM
		{346C6C54-AF3B-4CA5-97EE-15BB1D73FA50}.Release|ARM.Build.0 = Release|ARM
		{346C6C54-AF3B-4CA5-97EE-15BB1D73FA50}.Release|ARM.Deploy.0 = Release|ARM
		{346C6C54-AF3B-4CA5-97EE-15BB1D73FA50}.Release|iPhone.ActiveCfg = Release|Any CPU
		{346C6C54-AF3B-4CA5-97EE-15BB1D73FA50}.Release|iPhone.Build.0 = Release|Any CPU
		{346C6C54-AF3B-4CA5-97EE-15BB1D73FA50}.Release|iPhone.Deploy.0 = Release|Any CPU
		{346C6C54-AF3B-4CA5-97EE-15BB1D73FA50}.Release|iPhoneSimulator.ActiveCfg = Release|Any CPU
		{346C6C54-AF3B-4CA5-97EE-15BB1D73FA50}.Release|iPhoneSimulator.Build.0 = Release|Any CPU
		{346C6C54-AF3B-4CA5-97EE-15BB1D73FA50}.Release|iPhoneSimulator.Deploy.0 = Release|Any CPU
		{346C6C54-AF3B-4CA5-97EE-15BB1D73FA50}.Release|x64.ActiveCfg = Release|Any CPU
		{346C6C54-AF3B-4CA5-97EE-15BB1D73FA50}.Release|x64.Build.0 = Release|Any CPU
		{346C6C54-AF3B-4CA5-97EE-15BB1D73FA50}.Release|x64.Deploy.0 = Release|Any CPU
		{346C6C54-AF3B-4CA5-97EE-15BB1D73FA50}.Release|x86.ActiveCfg = Release|x86
		{346C6C54-AF3B-4CA5-97EE-15BB1D73FA50}.Release|x86.Build.0 = Release|x86
		{346C6C54-AF3B-4CA5-97EE-15BB1D73FA50}.Release|x86.Deploy.0 = Release|x86
		{B951ED25-432D-4E93-ADC2-887BC2B90768}.Ad-Hoc|Any CPU.ActiveCfg = Release|x86
		{B951ED25-432D-4E93-ADC2-887BC2B90768}.Ad-Hoc|Any CPU.Build.0 = Release|x86
		{B951ED25-432D-4E93-ADC2-887BC2B90768}.Ad-Hoc|Any CPU.Deploy.0 = Release|x86
		{B951ED25-432D-4E93-ADC2-887BC2B90768}.Ad-Hoc|ARM.ActiveCfg = Release|ARM
		{B951ED25-432D-4E93-ADC2-887BC2B90768}.Ad-Hoc|ARM.Build.0 = Release|ARM
		{B951ED25-432D-4E93-ADC2-887BC2B90768}.Ad-Hoc|ARM.Deploy.0 = Release|ARM
		{B951ED25-432D-4E93-ADC2-887BC2B90768}.Ad-Hoc|iPhone.ActiveCfg = Release|x86
		{B951ED25-432D-4E93-ADC2-887BC2B90768}.Ad-Hoc|iPhone.Build.0 = Release|x86
		{B951ED25-432D-4E93-ADC2-887BC2B90768}.Ad-Hoc|iPhone.Deploy.0 = Release|x86
		{B951ED25-432D-4E93-ADC2-887BC2B90768}.Ad-Hoc|iPhoneSimulator.ActiveCfg = Release|x86
		{B951ED25-432D-4E93-ADC2-887BC2B90768}.Ad-Hoc|iPhoneSimulator.Build.0 = Release|x86
		{B951ED25-432D-4E93-ADC2-887BC2B90768}.Ad-Hoc|iPhoneSimulator.Deploy.0 = Release|x86
		{B951ED25-432D-4E93-ADC2-887BC2B90768}.Ad-Hoc|x64.ActiveCfg = Release|x64
		{B951ED25-432D-4E93-ADC2-887BC2B90768}.Ad-Hoc|x64.Build.0 = Release|x64
		{B951ED25-432D-4E93-ADC2-887BC2B90768}.Ad-Hoc|x64.Deploy.0 = Release|x64
		{B951ED25-432D-4E93-ADC2-887BC2B90768}.Ad-Hoc|x86.ActiveCfg = Release|x86
		{B951ED25-432D-4E93-ADC2-887BC2B90768}.Ad-Hoc|x86.Build.0 = Release|x86
		{B951ED25-432D-4E93-ADC2-887BC2B90768}.Ad-Hoc|x86.Deploy.0 = Release|x86
		{B951ED25-432D-4E93-ADC2-887BC2B90768}.AppStore|Any CPU.ActiveCfg = Release|x86
		{B951ED25-432D-4E93-ADC2-887BC2B90768}.AppStore|Any CPU.Build.0 = Release|x86
		{B951ED25-432D-4E93-ADC2-887BC2B90768}.AppStore|Any CPU.Deploy.0 = Release|x86
		{B951ED25-432D-4E93-ADC2-887BC2B90768}.AppStore|ARM.ActiveCfg = Release|ARM
		{B951ED25-432D-4E93-ADC2-887BC2B90768}.AppStore|ARM.Build.0 = Release|ARM
		{B951ED25-432D-4E93-ADC2-887BC2B90768}.AppStore|ARM.Deploy.0 = Release|ARM
		{B951ED25-432D-4E93-ADC2-887BC2B90768}.AppStore|iPhone.ActiveCfg = Release|x86
		{B951ED25-432D-4E93-ADC2-887BC2B90768}.AppStore|iPhone.Build.0 = Release|x86
		{B951ED25-432D-4E93-ADC2-887BC2B90768}.AppStore|iPhone.Deploy.0 = Release|x86
		{B951ED25-432D-4E93-ADC2-887BC2B90768}.AppStore|iPhoneSimulator.ActiveCfg = Release|x86
		{B951ED25-432D-4E93-ADC2-887BC2B90768}.AppStore|iPhoneSimulator.Build.0 = Release|x86
		{B951ED25-432D-4E93-ADC2-887BC2B90768}.AppStore|iPhoneSimulator.Deploy.0 = Release|x86
		{B951ED25-432D-4E93-ADC2-887BC2B90768}.AppStore|x64.ActiveCfg = Release|x64
		{B951ED25-432D-4E93-ADC2-887BC2B90768}.AppStore|x64.Build.0 = Release|x64
		{B951ED25-432D-4E93-ADC2-887BC2B90768}.AppStore|x64.Deploy.0 = Release|x64
		{B951ED25-432D-4E93-ADC2-887BC2B90768}.AppStore|x86.ActiveCfg = Release|x86
		{B951ED25-432D-4E93-ADC2-887BC2B90768}.AppStore|x86.Build.0 = Release|x86
		{B951ED25-432D-4E93-ADC2-887BC2B90768}.AppStore|x86.Deploy.0 = Release|x86
		{B951ED25-432D-4E93-ADC2-887BC2B90768}.Debug|Any CPU.ActiveCfg = Debug|x86
		{B951ED25-432D-4E93-ADC2-887BC2B90768}.Debug|ARM.ActiveCfg = Debug|ARM
		{B951ED25-432D-4E93-ADC2-887BC2B90768}.Debug|ARM.Build.0 = Debug|ARM
		{B951ED25-432D-4E93-ADC2-887BC2B90768}.Debug|ARM.Deploy.0 = Debug|ARM
		{B951ED25-432D-4E93-ADC2-887BC2B90768}.Debug|iPhone.ActiveCfg = Debug|x86
		{B951ED25-432D-4E93-ADC2-887BC2B90768}.Debug|iPhoneSimulator.ActiveCfg = Debug|x86
		{B951ED25-432D-4E93-ADC2-887BC2B90768}.Debug|x64.ActiveCfg = Debug|x64
		{B951ED25-432D-4E93-ADC2-887BC2B90768}.Debug|x64.Build.0 = Debug|x64
		{B951ED25-432D-4E93-ADC2-887BC2B90768}.Debug|x64.Deploy.0 = Debug|x64
		{B951ED25-432D-4E93-ADC2-887BC2B90768}.Debug|x86.ActiveCfg = Debug|x86
		{B951ED25-432D-4E93-ADC2-887BC2B90768}.Debug|x86.Build.0 = Debug|x86
		{B951ED25-432D-4E93-ADC2-887BC2B90768}.Debug|x86.Deploy.0 = Debug|x86
		{B951ED25-432D-4E93-ADC2-887BC2B90768}.Release|Any CPU.ActiveCfg = Release|x86
		{B951ED25-432D-4E93-ADC2-887BC2B90768}.Release|ARM.ActiveCfg = Release|ARM
		{B951ED25-432D-4E93-ADC2-887BC2B90768}.Release|ARM.Build.0 = Release|ARM
		{B951ED25-432D-4E93-ADC2-887BC2B90768}.Release|ARM.Deploy.0 = Release|ARM
		{B951ED25-432D-4E93-ADC2-887BC2B90768}.Release|iPhone.ActiveCfg = Release|x86
		{B951ED25-432D-4E93-ADC2-887BC2B90768}.Release|iPhoneSimulator.ActiveCfg = Release|x86
		{B951ED25-432D-4E93-ADC2-887BC2B90768}.Release|x64.ActiveCfg = Release|x64
		{B951ED25-432D-4E93-ADC2-887BC2B90768}.Release|x64.Build.0 = Release|x64
		{B951ED25-432D-4E93-ADC2-887BC2B90768}.Release|x64.Deploy.0 = Release|x64
		{B951ED25-432D-4E93-ADC2-887BC2B90768}.Release|x86.ActiveCfg = Release|x86
		{B951ED25-432D-4E93-ADC2-887BC2B90768}.Release|x86.Build.0 = Release|x86
		{B951ED25-432D-4E93-ADC2-887BC2B90768}.Release|x86.Deploy.0 = Release|x86
		{EF421E33-B61B-430E-A057-3983C42FFDF1}.Ad-Hoc|Any CPU.ActiveCfg = Release|Any CPU
		{EF421E33-B61B-430E-A057-3983C42FFDF1}.Ad-Hoc|Any CPU.Build.0 = Release|Any CPU
		{EF421E33-B61B-430E-A057-3983C42FFDF1}.Ad-Hoc|Any CPU.Deploy.0 = Release|Any CPU
		{EF421E33-B61B-430E-A057-3983C42FFDF1}.Ad-Hoc|ARM.ActiveCfg = Release|ARM
		{EF421E33-B61B-430E-A057-3983C42FFDF1}.Ad-Hoc|ARM.Build.0 = Release|ARM
		{EF421E33-B61B-430E-A057-3983C42FFDF1}.Ad-Hoc|ARM.Deploy.0 = Release|ARM
		{EF421E33-B61B-430E-A057-3983C42FFDF1}.Ad-Hoc|iPhone.ActiveCfg = Release|Any CPU
		{EF421E33-B61B-430E-A057-3983C42FFDF1}.Ad-Hoc|iPhone.Build.0 = Release|Any CPU
		{EF421E33-B61B-430E-A057-3983C42FFDF1}.Ad-Hoc|iPhone.Deploy.0 = Release|Any CPU
		{EF421E33-B61B-430E-A057-3983C42FFDF1}.Ad-Hoc|iPhoneSimulator.ActiveCfg = Release|Any CPU
		{EF421E33-B61B-430E-A057-3983C42FFDF1}.Ad-Hoc|iPhoneSimulator.Build.0 = Release|Any CPU
		{EF421E33-B61B-430E-A057-3983C42FFDF1}.Ad-Hoc|iPhoneSimulator.Deploy.0 = Release|Any CPU
		{EF421E33-B61B-430E-A057-3983C42FFDF1}.Ad-Hoc|x64.ActiveCfg = Release|x64
		{EF421E33-B61B-430E-A057-3983C42FFDF1}.Ad-Hoc|x64.Build.0 = Release|x64
		{EF421E33-B61B-430E-A057-3983C42FFDF1}.Ad-Hoc|x64.Deploy.0 = Release|x64
		{EF421E33-B61B-430E-A057-3983C42FFDF1}.Ad-Hoc|x86.ActiveCfg = Release|x86
		{EF421E33-B61B-430E-A057-3983C42FFDF1}.Ad-Hoc|x86.Build.0 = Release|x86
		{EF421E33-B61B-430E-A057-3983C42FFDF1}.Ad-Hoc|x86.Deploy.0 = Release|x86
		{EF421E33-B61B-430E-A057-3983C42FFDF1}.AppStore|Any CPU.ActiveCfg = Release|Any CPU
		{EF421E33-B61B-430E-A057-3983C42FFDF1}.AppStore|Any CPU.Build.0 = Release|Any CPU
		{EF421E33-B61B-430E-A057-3983C42FFDF1}.AppStore|Any CPU.Deploy.0 = Release|Any CPU
		{EF421E33-B61B-430E-A057-3983C42FFDF1}.AppStore|ARM.ActiveCfg = Release|ARM
		{EF421E33-B61B-430E-A057-3983C42FFDF1}.AppStore|ARM.Build.0 = Release|ARM
		{EF421E33-B61B-430E-A057-3983C42FFDF1}.AppStore|ARM.Deploy.0 = Release|ARM
		{EF421E33-B61B-430E-A057-3983C42FFDF1}.AppStore|iPhone.ActiveCfg = Release|Any CPU
		{EF421E33-B61B-430E-A057-3983C42FFDF1}.AppStore|iPhone.Build.0 = Release|Any CPU
		{EF421E33-B61B-430E-A057-3983C42FFDF1}.AppStore|iPhone.Deploy.0 = Release|Any CPU
		{EF421E33-B61B-430E-A057-3983C42FFDF1}.AppStore|iPhoneSimulator.ActiveCfg = Release|Any CPU
		{EF421E33-B61B-430E-A057-3983C42FFDF1}.AppStore|iPhoneSimulator.Build.0 = Release|Any CPU
		{EF421E33-B61B-430E-A057-3983C42FFDF1}.AppStore|iPhoneSimulator.Deploy.0 = Release|Any CPU
		{EF421E33-B61B-430E-A057-3983C42FFDF1}.AppStore|x64.ActiveCfg = Release|x64
		{EF421E33-B61B-430E-A057-3983C42FFDF1}.AppStore|x64.Build.0 = Release|x64
		{EF421E33-B61B-430E-A057-3983C42FFDF1}.AppStore|x64.Deploy.0 = Release|x64
		{EF421E33-B61B-430E-A057-3983C42FFDF1}.AppStore|x86.ActiveCfg = Release|x86
		{EF421E33-B61B-430E-A057-3983C42FFDF1}.AppStore|x86.Build.0 = Release|x86
		{EF421E33-B61B-430E-A057-3983C42FFDF1}.AppStore|x86.Deploy.0 = Release|x86
		{EF421E33-B61B-430E-A057-3983C42FFDF1}.Debug|Any CPU.ActiveCfg = Debug|Any CPU
		{EF421E33-B61B-430E-A057-3983C42FFDF1}.Debug|Any CPU.Build.0 = Debug|Any CPU
		{EF421E33-B61B-430E-A057-3983C42FFDF1}.Debug|Any CPU.Deploy.0 = Debug|Any CPU
		{EF421E33-B61B-430E-A057-3983C42FFDF1}.Debug|ARM.ActiveCfg = Debug|ARM
		{EF421E33-B61B-430E-A057-3983C42FFDF1}.Debug|ARM.Build.0 = Debug|ARM
		{EF421E33-B61B-430E-A057-3983C42FFDF1}.Debug|ARM.Deploy.0 = Debug|ARM
		{EF421E33-B61B-430E-A057-3983C42FFDF1}.Debug|iPhone.ActiveCfg = Debug|Any CPU
		{EF421E33-B61B-430E-A057-3983C42FFDF1}.Debug|iPhone.Build.0 = Debug|Any CPU
		{EF421E33-B61B-430E-A057-3983C42FFDF1}.Debug|iPhone.Deploy.0 = Debug|Any CPU
		{EF421E33-B61B-430E-A057-3983C42FFDF1}.Debug|iPhoneSimulator.ActiveCfg = Debug|Any CPU
		{EF421E33-B61B-430E-A057-3983C42FFDF1}.Debug|iPhoneSimulator.Build.0 = Debug|Any CPU
		{EF421E33-B61B-430E-A057-3983C42FFDF1}.Debug|iPhoneSimulator.Deploy.0 = Debug|Any CPU
		{EF421E33-B61B-430E-A057-3983C42FFDF1}.Debug|x64.ActiveCfg = Debug|x64
		{EF421E33-B61B-430E-A057-3983C42FFDF1}.Debug|x64.Build.0 = Debug|x64
		{EF421E33-B61B-430E-A057-3983C42FFDF1}.Debug|x64.Deploy.0 = Debug|x64
		{EF421E33-B61B-430E-A057-3983C42FFDF1}.Debug|x86.ActiveCfg = Debug|x86
		{EF421E33-B61B-430E-A057-3983C42FFDF1}.Debug|x86.Build.0 = Debug|x86
		{EF421E33-B61B-430E-A057-3983C42FFDF1}.Debug|x86.Deploy.0 = Debug|x86
		{EF421E33-B61B-430E-A057-3983C42FFDF1}.Release|Any CPU.ActiveCfg = Release|Any CPU
		{EF421E33-B61B-430E-A057-3983C42FFDF1}.Release|Any CPU.Build.0 = Release|Any CPU
		{EF421E33-B61B-430E-A057-3983C42FFDF1}.Release|Any CPU.Deploy.0 = Release|Any CPU
		{EF421E33-B61B-430E-A057-3983C42FFDF1}.Release|ARM.ActiveCfg = Release|ARM
		{EF421E33-B61B-430E-A057-3983C42FFDF1}.Release|ARM.Build.0 = Release|ARM
		{EF421E33-B61B-430E-A057-3983C42FFDF1}.Release|ARM.Deploy.0 = Release|ARM
		{EF421E33-B61B-430E-A057-3983C42FFDF1}.Release|iPhone.ActiveCfg = Release|Any CPU
		{EF421E33-B61B-430E-A057-3983C42FFDF1}.Release|iPhone.Build.0 = Release|Any CPU
		{EF421E33-B61B-430E-A057-3983C42FFDF1}.Release|iPhone.Deploy.0 = Release|Any CPU
		{EF421E33-B61B-430E-A057-3983C42FFDF1}.Release|iPhoneSimulator.ActiveCfg = Release|Any CPU
		{EF421E33-B61B-430E-A057-3983C42FFDF1}.Release|iPhoneSimulator.Build.0 = Release|Any CPU
		{EF421E33-B61B-430E-A057-3983C42FFDF1}.Release|iPhoneSimulator.Deploy.0 = Release|Any CPU
		{EF421E33-B61B-430E-A057-3983C42FFDF1}.Release|x64.ActiveCfg = Release|x64
		{EF421E33-B61B-430E-A057-3983C42FFDF1}.Release|x64.Build.0 = Release|x64
		{EF421E33-B61B-430E-A057-3983C42FFDF1}.Release|x64.Deploy.0 = Release|x64
		{EF421E33-B61B-430E-A057-3983C42FFDF1}.Release|x86.ActiveCfg = Release|x86
		{EF421E33-B61B-430E-A057-3983C42FFDF1}.Release|x86.Build.0 = Release|x86
		{EF421E33-B61B-430E-A057-3983C42FFDF1}.Release|x86.Deploy.0 = Release|x86
	EndGlobalSection
	GlobalSection(SolutionProperties) = preSolution
		HideSolutionNode = FALSE
	EndGlobalSection
EndGlobal
